
Microsoft Visual Studio Solution File, Format Version 12.00
# Visual Studio Version 17
VisualStudioVersion = 17.14.36915.13
MinimumVisualStudioVersion = 10.0.40219.1
Project("{8BC9CEB8-8B4A-11D0-8D11-00A0C91BC942}") = "Problem1", "Problem1\Problem1.vcxproj", "{C342104E-857D-4D93-9F6D-ACBC69CC3B1F}"
EndProject
Project("{8BC9CEB8-8B4A-11D0-8D11-00A0C91BC942}") = "Problem2", "Problem2\Problem2.vcxproj", "{0CA0E4B0-C444-488E-A0AD-DC6CC3AC38FA}"
EndProject
Project("{8BC9CEB8-8B4A-11D0-8D11-00A0C91BC942}") = "Problem3", "Problem3\Problem3.vcxproj", "{076D6ECC-3558-4649-900C-DB00AD18D806}"
EndProject
Project("{8BC9CEB8-8B4A-11D0-8D11-00A0C91BC942}") = "Problem5", "Problem5\Problem5.vcxproj", "{9FB4A206-8786-4943-9518-A0AB4587128E}"
EndProject
Project("{8BC9CEB8-8B4A-11D0-8D11-00A0C91BC942}") = "Problem4", "Problem4\Problem4.vcxproj", "{26F80EE2-AD4B-470A-8B62-1DC6185C659A}"
EndProject
Project("{8BC9CEB8-8B4A-11D0-8D11-00A0C91BC942}") = "Problem6", "Problem6\Problem6.vcxproj", "{6B613419-13CF-48C6-A422-4F3BF9BCD3AE}"
EndProject
Project("{8BC9CEB8-8B4A-11D0-8D11-00A0C91BC942}") = "Problem7", "Problem7\Problem7.vcxproj", "{74F75184-88F8-4853-8150-9061E4405DD9}"
EndProject
Global
	GlobalSection(SolutionConfigurationPlatforms) = preSolution
		Debug|x64 = Debug|x64
		Debug|x86 = Debug|x86
		Release|x64 = Release|x64
		Release|x86 = Release|x86
	EndGlobalSection
	GlobalSection(ProjectConfigurationPlatforms) = postSolution
		{C342104E-857D-4D93-9F6D-ACBC69CC3B1F}.Debug|x64.ActiveCfg = Debug|x64
		{C342104E-857D-4D93-9F6D-ACBC69CC3B1F}.Debug|x64.Build.0 = Debug|x64
		{C342104E-857D-4D93-9F6D-ACBC69CC3B1F}.Debug|x86.ActiveCfg = Debug|Win32
		{C342104E-857D-4D93-9F6D-ACBC69CC3B1F}.Debug|x86.Build.0 = Debug|Win32
		{C342104E-857D-4D93-9F6D-ACBC69CC3B1F}.Release|x64.ActiveCfg = Release|x64
		{C342104E-857D-4D93-9F6D-ACBC69CC3B1F}.Release|x64.Build.0 = Release|x64
		{C342104E-857D-4D93-9F6D-ACBC69CC3B1F}.Release|x86.ActiveCfg = Release|Win32
		{C342104E-857D-4D93-9F6D-ACBC69CC3B1F}.Release|x86.Build.0 = Release|Win32
		{0CA0E4B0-C444-488E-A0AD-DC6CC3AC38FA}.Debug|x64.ActiveCfg = Debug|x64
		{0CA0E4B0-C444-488E-A0AD-DC6CC3AC38FA}.Debug|x64.Build.0 = Debug|x64
		{0CA0E4B0-C444-488E-A0AD-DC6CC3AC38FA}.Debug|x86.ActiveCfg = Debug|Win32
		{0CA0E4B0-C444-488E-A0AD-DC6CC3AC38FA}.Debug|x86.Build.0 = Debug|Win32
		{0CA0E4B0-C444-488E-A0AD-DC6CC3AC38FA}.Release|x64.ActiveCfg = Release|x64
		{0CA0E4B0-C444-488E-A0AD-DC6CC3AC38FA}.Release|x64.Build.0 = Release|x64
		{0CA0E4B0-C444-488E-A0AD-DC6CC3AC38FA}.Release|x86.ActiveCfg = Release|Win32
		{0CA0E4B0-C444-488E-A0AD-DC6CC3AC38FA}.Release|x86.Build.0 = Release|Win32
		{076D6ECC-3558-4649-900C-DB00AD18D806}.Debug|x64.ActiveCfg = Debug|x64
		{076D6ECC-3558-4649-900C-DB00AD18D806}.Debug|x64.Build.0 = Debug|x64
		{076D6ECC-3558-4649-900C-DB00AD18D806}.Debug|x86.ActiveCfg = Debug|Win32
		{076D6ECC-3558-4649-900C-DB00AD18D806}.Debug|x86.Build.0 = Debug|Win32
		{076D6ECC-3558-4649-900C-DB00AD18D806}.Release|x64.ActiveCfg = Release|x64
		{076D6ECC-3558-4649-900C-DB00AD18D806}.Release|x64.Build.0 = Release|x64
		{076D6ECC-3558-4649-900C-DB00AD18D806}.Release|x86.ActiveCfg = Release|Win32
		{076D6ECC-3558-4649-900C-DB00AD18D806}.Release|x86.Build.0 = Release|Win32
		{9FB4A206-8786-4943-9518-A0AB4587128E}.Debug|x64.ActiveCfg = Debug|x64
		{9FB4A206-8786-4943-9518-A0AB4587128E}.Debug|x64.Build.0 = Debug|x64
		{9FB4A206-8786-4943-9518-A0AB4587128E}.Debug|x86.ActiveCfg = Debug|Win32
		{9FB4A206-8786-4943-9518-A0AB4587128E}.Debug|x86.Build.0 = Debug|Win32
		{9FB4A206-8786-4943-9518-A0AB4587128E}.Release|x64.ActiveCfg = Release|x64
		{9FB4A206-8786-4943-9518-A0AB4587128E}.Release|x64.Build.0 = Release|x64
		{9FB4A206-8786-4943-9518-A0AB4587128E}.Release|x86.ActiveCfg = Release|Win32
		{9FB4A206-8786-4943-9518-A0AB4587128E}.Release|x86.Build.0 = Release|Win32
		{26F80EE2-AD4B-470A-8B62-1DC6185C659A}.Debug|x64.ActiveCfg = Debug|x64
		{26F80EE2-AD4B-470A-8B62-1DC6185C659A}.Debug|x64.Build.0 = Debug|x64
		{26F80EE2-AD4B-470A-8B62-1DC6185C659A}.Debug|x86.ActiveCfg = Debug|Win32
		{26F80EE2-AD4B-470A-8B62-1DC6185C659A}.Debug|x86.Build.0 = Debug|Win32
		{26F80EE2-AD4B-470A-8B62-1DC6185C659A}.Release|x64.ActiveCfg = Release|x64
		{26F80EE2-AD4B-470A-8B62-1DC6185C659A}.Release|x64.Build.0 = Release|x64
		{26F80EE2-AD4B-470A-8B62-1DC6185C659A}.Release|x86.ActiveCfg = Release|Win32
		{26F80EE2-AD4B-470A-8B62-1DC6185C659A}.Release|x86.Build.0 = Release|Win32
		{6B613419-13CF-48C6-A422-4F3BF9BCD3AE}.Debug|x64.ActiveCfg = Debug|x64
		{6B613419-13CF-48C6-A422-4F3BF9BCD3AE}.Debug|x64.Build.0 = Debug|x64
		{6B613419-13CF-48C6-A422-4F3BF9BCD3AE}.Debug|x86.ActiveCfg = Debug|Win32
		{6B613419-13CF-48C6-A422-4F3BF9BCD3AE}.Debug|x86.Build.0 = Debug|Win32
		{6B613419-13CF-48C6-A422-4F3BF9BCD3AE}.Release|x64.ActiveCfg = Release|x64
		{6B613419-13CF-48C6-A422-4F3BF9BCD3AE}.Release|x64.Build.0 = Release|x64
		{6B613419-13CF-48C6-A422-4F3BF9BCD3AE}.Release|x86.ActiveCfg = Release|Win32
		{6B613419-13CF-48C6-A422-4F3BF9BCD3AE}.Release|x86.Build.0 = Release|Win32
		{74F75184-88F8-4853-8150-9061E4405DD9}.Debug|x64.ActiveCfg = Debug|x64
		{74F75184-88F8-4853-8150-9061E4405DD9}.Debug|x64.Build.0 = Debug|x64
		{74F75184-88F8-4853-8150-9061E4405DD9}.Debug|x86.ActiveCfg = Debug|Win32
		{74F75184-88F8-4853-8150-9061E4405DD9}.Debug|x86.Build.0 = Debug|Win32
		{74F75184-88F8-4853-8150-9061E4405DD9}.Release|x64.ActiveCfg = Release|x64
		{74F75184-88F8-4853-8150-9061E4405DD9}.Release|x64.Build.0 = Release|x64
		{74F75184-88F8-4853-8150-9061E4405DD9}.Release|x86.ActiveCfg = Release|Win32
		{74F75184-88F8-4853-8150-9061E4405DD9}.Release|x86.Build.0 = Release|Win32
	EndGlobalSection
	GlobalSection(SolutionProperties) = preSolution
		HideSolutionNode = FALSE
	EndGlobalSection
	GlobalSection(ExtensibilityGlobals) = postSolution
		SolutionGuid = {FDE7EEE3-678A-4E7E-A3A9-41844A20B77B}
	EndGlobalSection
EndGlobal
