
Microsoft Visual Studio Solution File, Format Version 12.00
# Visual Studio Version 17
VisualStudioVersion = 17.14.36915.13
MinimumVisualStudioVersion = 10.0.40219.1
Project("{8BC9CEB8-8B4A-11D0-8D11-00A0C91BC942}") = "Problem1", "Problem1\Problem1.vcxproj", "{C342104E-857D-4D93-9F6D-ACBC69CC3B1F}"
EndProject
Project("{8BC9CEB8-8B4A-11D0-8D11-00A0C91BC942}") = "Problem2", "Problem2\Problem2.vcxproj", "{0CA0E4B0-C444-488E-A0AD-DC6CC3AC38FA}"
EndProject
Project("{8BC9CEB8-8B4A-11D0-8D11-00A0C91BC942}") = "Problem3", "Problem3\Problem3.vcxproj", "{076D6ECC-3558-4649-900C-DB00AD18D806}"
EndProject
Project("{8BC9CEB8-8B4A-11D0-8D11-00A0C91BC942}") = "Problem5", "Problem5\Problem5.vcxproj", "{9FB4A206-8786-4943-9518-A0AB4587128E}"
EndProject
Project("{8BC9CEB8-8B4A-11D0-8D11-00A0C91BC942}") = "Problem4", "Problem4\Problem4.vcxproj", "{26F80EE2-AD4B-470A-8B62-1DC6185C659A}"
EndProject
Project("{8BC9CEB8-8B4A-11D0-8D11-00A0C91BC942}") = "Problem6", "Problem6\Problem6.vcxproj", "{6B613419-13CF-48C6-A422-4F3BF9BCD3AE}"
EndProject
Project("{8BC9CEB8-8B4A-11D0-8D11-00A0C91BC942}") = "Problem7", "Problem7\Problem7.vcxproj", "{74F75184-88F8-4853-8150-9061E4405DD9}"
EndProject
Project("{8BC9CEB8-8B4A-11D0-8D11-00A0C91BC942}") = "Problem8", "Problem8\Problem8.vcxproj", "{CB6C3864-73F2-4C58-B118-C5EFD7F211EB}"
EndProject
Project("{8BC9CEB8-8B4A-11D0-8D11-00A0C91BC942}") = "Problem9", "Problem9\Problem9.vcxproj", "{1A5838CD-355B-458F-B08B-29D7748D70E5}"
EndProject
Project("{8BC9CEB8-8B4A-11D0-8D11-00A0C91BC942}") = "Problem10", "Problem10\Problem10.vcxproj", "{3C313EFB-EBE5-4719-9299-ED96B4A6588D}"
EndProject
Project("{8BC9CEB8-8B4A-11D0-8D11-00A0C91BC942}") = "Problem11", "Problem11\Problem11.vcxproj", "{7A6250EF-D3E5-423B-B617-E08A2E1F1E5A}"
EndProject
Project("{8BC9CEB8-8B4A-11D0-8D11-00A0C91BC942}") = "Problem12", "Problem12\Problem12.vcxproj", "{635CB681-3D4A-4775-9520-58039EC205B0}"
EndProject
Project("{8BC9CEB8-8B4A-11D0-8D11-00A0C91BC942}") = "Problem13", "Problem13\Problem13.vcxproj", "{937B759D-5920-49E3-BB42-7995365E9A93}"
EndProject
Project("{8BC9CEB8-8B4A-11D0-8D11-00A0C91BC942}") = "Problem14", "Problem14\Problem14.vcxproj", "{D4121241-F316-4965-B426-94F52A229DB8}"
EndProject
Project("{8BC9CEB8-8B4A-11D0-8D11-00A0C91BC942}") = "Problem15", "Problem15\Problem15.vcxproj", "{7B392AED-6F0E-40D4-A949-879367378A7D}"
EndProject
Project("{8BC9CEB8-8B4A-11D0-8D11-00A0C91BC942}") = "Problem16", "Problem16\Problem16.vcxproj", "{B6EEF7A0-B2FF-4556-AB3E-3B1762446BA9}"
EndProject
Project("{8BC9CEB8-8B4A-11D0-8D11-00A0C91BC942}") = "Problem17", "Problem17\Problem17.vcxproj", "{A56BF524-5FFF-4B3A-9EF0-0A1C919FE2A3}"
EndProject
Project("{8BC9CEB8-8B4A-11D0-8D11-00A0C91BC942}") = "Problem18", "Problem18\Problem18.vcxproj", "{63E761BC-1E9C-4BB6-9643-5011E00A9D75}"
EndProject
Project("{8BC9CEB8-8B4A-11D0-8D11-00A0C91BC942}") = "Problem19", "Problem19\Problem19.vcxproj", "{5730F0E2-25B0-4918-BEE4-CB7D5C67B9BD}"
EndProject
Project("{8BC9CEB8-8B4A-11D0-8D11-00A0C91BC942}") = "Problem20", "Problem20\Problem20.vcxproj", "{AE4C8630-5655-4485-85D3-4DDEFC6C6030}"
EndProject
Project("{8BC9CEB8-8B4A-11D0-8D11-00A0C91BC942}") = "Problem21", "Problem21\Problem21.vcxproj", "{CBA45DC8-8A13-4574-8266-44E435A59832}"
EndProject
Project("{8BC9CEB8-8B4A-11D0-8D11-00A0C91BC942}") = "Problem22", "Problem22\Problem22.vcxproj", "{B38263BF-B05C-446F-9A70-C06DF2D6639D}"
EndProject
Project("{8BC9CEB8-8B4A-11D0-8D11-00A0C91BC942}") = "Problem23", "Problem23\Problem23.vcxproj", "{DC5AC14A-484E-4BAF-8B52-03E33A886E55}"
EndProject
Project("{8BC9CEB8-8B4A-11D0-8D11-00A0C91BC942}") = "Problem24", "Problem24\Problem24.vcxproj", "{5A64087C-885E-4559-B63D-47396A5066B2}"
EndProject
Project("{8BC9CEB8-8B4A-11D0-8D11-00A0C91BC942}") = "Problem25", "Problem25\Problem25.vcxproj", "{A345CD9D-09BF-400C-B368-453A8FE7990D}"
EndProject
Project("{8BC9CEB8-8B4A-11D0-8D11-00A0C91BC942}") = "Problem26", "Problem26\Problem26.vcxproj", "{F0D6702C-F816-4136-B750-078F1FC1EFBF}"
EndProject
Project("{8BC9CEB8-8B4A-11D0-8D11-00A0C91BC942}") = "Problem27", "Problem27\Problem27.vcxproj", "{A91FF54F-D1E3-45AB-A674-BF7784CA2780}"
EndProject
Project("{8BC9CEB8-8B4A-11D0-8D11-00A0C91BC942}") = "Problem28", "Problem28\Problem28.vcxproj", "{218767F4-8D09-412D-BF18-4C061C76929E}"
EndProject
Project("{8BC9CEB8-8B4A-11D0-8D11-00A0C91BC942}") = "Problem29", "Problem29\Problem29.vcxproj", "{94A9AA46-FD18-4222-80A5-303E90BB936D}"
EndProject
Project("{8BC9CEB8-8B4A-11D0-8D11-00A0C91BC942}") = "Problem30", "Problem30\Problem30.vcxproj", "{A3A00FDD-51B0-4EF0-B0CB-D465A2C6558E}"
EndProject
Global
	GlobalSection(SolutionConfigurationPlatforms) = preSolution
		Debug|x64 = Debug|x64
		Debug|x86 = Debug|x86
		Release|x64 = Release|x64
		Release|x86 = Release|x86
	EndGlobalSection
	GlobalSection(ProjectConfigurationPlatforms) = postSolution
		{C342104E-857D-4D93-9F6D-ACBC69CC3B1F}.Debug|x64.ActiveCfg = Debug|x64
		{C342104E-857D-4D93-9F6D-ACBC69CC3B1F}.Debug|x64.Build.0 = Debug|x64
		{C342104E-857D-4D93-9F6D-ACBC69CC3B1F}.Debug|x86.ActiveCfg = Debug|Win32
		{C342104E-857D-4D93-9F6D-ACBC69CC3B1F}.Debug|x86.Build.0 = Debug|Win32
		{C342104E-857D-4D93-9F6D-ACBC69CC3B1F}.Release|x64.ActiveCfg = Release|x64
		{C342104E-857D-4D93-9F6D-ACBC69CC3B1F}.Release|x64.Build.0 = Release|x64
		{C342104E-857D-4D93-9F6D-ACBC69CC3B1F}.Release|x86.ActiveCfg = Release|Win32
		{C342104E-857D-4D93-9F6D-ACBC69CC3B1F}.Release|x86.Build.0 = Release|Win32
		{0CA0E4B0-C444-488E-A0AD-DC6CC3AC38FA}.Debug|x64.ActiveCfg = Debug|x64
		{0CA0E4B0-C444-488E-A0AD-DC6CC3AC38FA}.Debug|x64.Build.0 = Debug|x64
		{0CA0E4B0-C444-488E-A0AD-DC6CC3AC38FA}.Debug|x86.ActiveCfg = Debug|Win32
		{0CA0E4B0-C444-488E-A0AD-DC6CC3AC38FA}.Debug|x86.Build.0 = Debug|Win32
		{0CA0E4B0-C444-488E-A0AD-DC6CC3AC38FA}.Release|x64.ActiveCfg = Release|x64
		{0CA0E4B0-C444-488E-A0AD-DC6CC3AC38FA}.Release|x64.Build.0 = Release|x64
		{0CA0E4B0-C444-488E-A0AD-DC6CC3AC38FA}.Release|x86.ActiveCfg = Release|Win32
		{0CA0E4B0-C444-488E-A0AD-DC6CC3AC38FA}.Release|x86.Build.0 = Release|Win32
		{076D6ECC-3558-4649-900C-DB00AD18D806}.Debug|x64.ActiveCfg = Debug|x64
		{076D6ECC-3558-4649-900C-DB00AD18D806}.Debug|x64.Build.0 = Debug|x64
		{076D6ECC-3558-4649-900C-DB00AD18D806}.Debug|x86.ActiveCfg = Debug|Win32
		{076D6ECC-3558-4649-900C-DB00AD18D806}.Debug|x86.Build.0 = Debug|Win32
		{076D6ECC-3558-4649-900C-DB00AD18D806}.Release|x64.ActiveCfg = Release|x64
		{076D6ECC-3558-4649-900C-DB00AD18D806}.Release|x64.Build.0 = Release|x64
		{076D6ECC-3558-4649-900C-DB00AD18D806}.Release|x86.ActiveCfg = Release|Win32
		{076D6ECC-3558-4649-900C-DB00AD18D806}.Release|x86.Build.0 = Release|Win32
		{9FB4A206-8786-4943-9518-A0AB4587128E}.Debug|x64.ActiveCfg = Debug|x64
		{9FB4A206-8786-4943-9518-A0AB4587128E}.Debug|x64.Build.0 = Debug|x64
		{9FB4A206-8786-4943-9518-A0AB4587128E}.Debug|x86.ActiveCfg = Debug|Win32
		{9FB4A206-8786-4943-9518-A0AB4587128E}.Debug|x86.Build.0 = Debug|Win32
		{9FB4A206-8786-4943-9518-A0AB4587128E}.Release|x64.ActiveCfg = Release|x64
		{9FB4A206-8786-4943-9518-A0AB4587128E}.Release|x64.Build.0 = Release|x64
		{9FB4A206-8786-4943-9518-A0AB4587128E}.Release|x86.ActiveCfg = Release|Win32
		{9FB4A206-8786-4943-9518-A0AB4587128E}.Release|x86.Build.0 = Release|Win32
		{26F80EE2-AD4B-470A-8B62-1DC6185C659A}.Debug|x64.ActiveCfg = Debug|x64
		{26F80EE2-AD4B-470A-8B62-1DC6185C659A}.Debug|x64.Build.0 = Debug|x64
		{26F80EE2-AD4B-470A-8B62-1DC6185C659A}.Debug|x86.ActiveCfg = Debug|Win32
		{26F80EE2-AD4B-470A-8B62-1DC6185C659A}.Debug|x86.Build.0 = Debug|Win32
		{26F80EE2-AD4B-470A-8B62-1DC6185C659A}.Release|x64.ActiveCfg = Release|x64
		{26F80EE2-AD4B-470A-8B62-1DC6185C659A}.Release|x64.Build.0 = Release|x64
		{26F80EE2-AD4B-470A-8B62-1DC6185C659A}.Release|x86.ActiveCfg = Release|Win32
		{26F80EE2-AD4B-470A-8B62-1DC6185C659A}.Release|x86.Build.0 = Release|Win32
		{6B613419-13CF-48C6-A422-4F3BF9BCD3AE}.Debug|x64.ActiveCfg = Debug|x64
		{6B613419-13CF-48C6-A422-4F3BF9BCD3AE}.Debug|x64.Build.0 = Debug|x64
		{6B613419-13CF-48C6-A422-4F3BF9BCD3AE}.Debug|x86.ActiveCfg = Debug|Win32
		{6B613419-13CF-48C6-A422-4F3BF9BCD3AE}.Debug|x86.Build.0 = Debug|Win32
		{6B613419-13CF-48C6-A422-4F3BF9BCD3AE}.Release|x64.ActiveCfg = Release|x64
		{6B613419-13CF-48C6-A422-4F3BF9BCD3AE}.Release|x64.Build.0 = Release|x64
		{6B613419-13CF-48C6-A422-4F3BF9BCD3AE}.Release|x86.ActiveCfg = Release|Win32
		{6B613419-13CF-48C6-A422-4F3BF9BCD3AE}.Release|x86.Build.0 = Release|Win32
		{74F75184-88F8-4853-8150-9061E4405DD9}.Debug|x64.ActiveCfg = Debug|x64
		{74F75184-88F8-4853-8150-9061E4405DD9}.Debug|x64.Build.0 = Debug|x64
		{74F75184-88F8-4853-8150-9061E4405DD9}.Debug|x86.ActiveCfg = Debug|Win32
		{74F75184-88F8-4853-8150-9061E4405DD9}.Debug|x86.Build.0 = Debug|Win32
		{74F75184-88F8-4853-8150-9061E4405DD9}.Release|x64.ActiveCfg = Release|x64
		{74F75184-88F8-4853-8150-9061E4405DD9}.Release|x64.Build.0 = Release|x64
		{74F75184-88F8-4853-8150-9061E4405DD9}.Release|x86.ActiveCfg = Release|Win32
		{74F75184-88F8-4853-8150-9061E4405DD9}.Release|x86.Build.0 = Release|Win32
		{CB6C3864-73F2-4C58-B118-C5EFD7F211EB}.Debug|x64.ActiveCfg = Debug|x64
		{CB6C3864-73F2-4C58-B118-C5EFD7F211EB}.Debug|x64.Build.0 = Debug|x64
		{CB6C3864-73F2-4C58-B118-C5EFD7F211EB}.Debug|x86.ActiveCfg = Debug|Win32
		{CB6C3864-73F2-4C58-B118-C5EFD7F211EB}.Debug|x86.Build.0 = Debug|Win32
		{CB6C3864-73F2-4C58-B118-C5EFD7F211EB}.Release|x64.ActiveCfg = Release|x64
		{CB6C3864-73F2-4C58-B118-C5EFD7F211EB}.Release|x64.Build.0 = Release|x64
		{CB6C3864-73F2-4C58-B118-C5EFD7F211EB}.Release|x86.ActiveCfg = Release|Win32
		{CB6C3864-73F2-4C58-B118-C5EFD7F211EB}.Release|x86.Build.0 = Release|Win32
		{1A5838CD-355B-458F-B08B-29D7748D70E5}.Debug|x64.ActiveCfg = Debug|x64
		{1A5838CD-355B-458F-B08B-29D7748D70E5}.Debug|x64.Build.0 = Debug|x64
		{1A5838CD-355B-458F-B08B-29D7748D70E5}.Debug|x86.ActiveCfg = Debug|Win32
		{1A5838CD-355B-458F-B08B-29D7748D70E5}.Debug|x86.Build.0 = Debug|Win32
		{1A5838CD-355B-458F-B08B-29D7748D70E5}.Release|x64.ActiveCfg = Release|x64
		{1A5838CD-355B-458F-B08B-29D7748D70E5}.Release|x64.Build.0 = Release|x64
		{1A5838CD-355B-458F-B08B-29D7748D70E5}.Release|x86.ActiveCfg = Release|Win32
		{1A5838CD-355B-458F-B08B-29D7748D70E5}.Release|x86.Build.0 = Release|Win32
		{3C313EFB-EBE5-4719-9299-ED96B4A6588D}.Debug|x64.ActiveCfg = Debug|x64
		{3C313EFB-EBE5-4719-9299-ED96B4A6588D}.Debug|x64.Build.0 = Debug|x64
		{3C313EFB-EBE5-4719-9299-ED96B4A6588D}.Debug|x86.ActiveCfg = Debug|Win32
		{3C313EFB-EBE5-4719-9299-ED96B4A6588D}.Debug|x86.Build.0 = Debug|Win32
		{3C313EFB-EBE5-4719-9299-ED96B4A6588D}.Release|x64.ActiveCfg = Release|x64
		{3C313EFB-EBE5-4719-9299-ED96B4A6588D}.Release|x64.Build.0 = Release|x64
		{3C313EFB-EBE5-4719-9299-ED96B4A6588D}.Release|x86.ActiveCfg = Release|Win32
		{3C313EFB-EBE5-4719-9299-ED96B4A6588D}.Release|x86.Build.0 = Release|Win32
		{7A6250EF-D3E5-423B-B617-E08A2E1F1E5A}.Debug|x64.ActiveCfg = Debug|x64
		{7A6250EF-D3E5-423B-B617-E08A2E1F1E5A}.Debug|x64.Build.0 = Debug|x64
		{7A6250EF-D3E5-423B-B617-E08A2E1F1E5A}.Debug|x86.ActiveCfg = Debug|Win32
		{7A6250EF-D3E5-423B-B617-E08A2E1F1E5A}.Debug|x86.Build.0 = Debug|Win32
		{7A6250EF-D3E5-423B-B617-E08A2E1F1E5A}.Release|x64.ActiveCfg = Release|x64
		{7A6250EF-D3E5-423B-B617-E08A2E1F1E5A}.Release|x64.Build.0 = Release|x64
		{7A6250EF-D3E5-423B-B617-E08A2E1F1E5A}.Release|x86.ActiveCfg = Release|Win32
		{7A6250EF-D3E5-423B-B617-E08A2E1F1E5A}.Release|x86.Build.0 = Release|Win32
		{635CB681-3D4A-4775-9520-58039EC205B0}.Debug|x64.ActiveCfg = Debug|x64
		{635CB681-3D4A-4775-9520-58039EC205B0}.Debug|x64.Build.0 = Debug|x64
		{635CB681-3D4A-4775-9520-58039EC205B0}.Debug|x86.ActiveCfg = Debug|Win32
		{635CB681-3D4A-4775-9520-58039EC205B0}.Debug|x86.Build.0 = Debug|Win32
		{635CB681-3D4A-4775-9520-58039EC205B0}.Release|x64.ActiveCfg = Release|x64
		{635CB681-3D4A-4775-9520-58039EC205B0}.Release|x64.Build.0 = Release|x64
		{635CB681-3D4A-4775-9520-58039EC205B0}.Release|x86.ActiveCfg = Release|Win32
		{635CB681-3D4A-4775-9520-58039EC205B0}.Release|x86.Build.0 = Release|Win32
		{937B759D-5920-49E3-BB42-7995365E9A93}.Debug|x64.ActiveCfg = Debug|x64
		{937B759D-5920-49E3-BB42-7995365E9A93}.Debug|x64.Build.0 = Debug|x64
		{937B759D-5920-49E3-BB42-7995365E9A93}.Debug|x86.ActiveCfg = Debug|Win32
		{937B759D-5920-49E3-BB42-7995365E9A93}.Debug|x86.Build.0 = Debug|Win32
		{937B759D-5920-49E3-BB42-7995365E9A93}.Release|x64.ActiveCfg = Release|x64
		{937B759D-5920-49E3-BB42-7995365E9A93}.Release|x64.Build.0 = Release|x64
		{937B759D-5920-49E3-BB42-7995365E9A93}.Release|x86.ActiveCfg = Release|Win32
		{937B759D-5920-49E3-BB42-7995365E9A93}.Release|x86.Build.0 = Release|Win32
		{D4121241-F316-4965-B426-94F52A229DB8}.Debug|x64.ActiveCfg = Debug|x64
		{D4121241-F316-4965-B426-94F52A229DB8}.Debug|x64.Build.0 = Debug|x64
		{D4121241-F316-4965-B426-94F52A229DB8}.Debug|x86.ActiveCfg = Debug|Win32
		{D4121241-F316-4965-B426-94F52A229DB8}.Debug|x86.Build.0 = Debug|Win32
		{D4121241-F316-4965-B426-94F52A229DB8}.Release|x64.ActiveCfg = Release|x64
		{D4121241-F316-4965-B426-94F52A229DB8}.Release|x64.Build.0 = Release|x64
		{D4121241-F316-4965-B426-94F52A229DB8}.Release|x86.ActiveCfg = Release|Win32
		{D4121241-F316-4965-B426-94F52A229DB8}.Release|x86.Build.0 = Release|Win32
		{7B392AED-6F0E-40D4-A949-879367378A7D}.Debug|x64.ActiveCfg = Debug|x64
		{7B392AED-6F0E-40D4-A949-879367378A7D}.Debug|x64.Build.0 = Debug|x64
		{7B392AED-6F0E-40D4-A949-879367378A7D}.Debug|x86.ActiveCfg = Debug|Win32
		{7B392AED-6F0E-40D4-A949-879367378A7D}.Debug|x86.Build.0 = Debug|Win32
		{7B392AED-6F0E-40D4-A949-879367378A7D}.Release|x64.ActiveCfg = Release|x64
		{7B392AED-6F0E-40D4-A949-879367378A7D}.Release|x64.Build.0 = Release|x64
		{7B392AED-6F0E-40D4-A949-879367378A7D}.Release|x86.ActiveCfg = Release|Win32
		{7B392AED-6F0E-40D4-A949-879367378A7D}.Release|x86.Build.0 = Release|Win32
		{B6EEF7A0-B2FF-4556-AB3E-3B1762446BA9}.Debug|x64.ActiveCfg = Debug|x64
		{B6EEF7A0-B2FF-4556-AB3E-3B1762446BA9}.Debug|x64.Build.0 = Debug|x64
		{B6EEF7A0-B2FF-4556-AB3E-3B1762446BA9}.Debug|x86.ActiveCfg = Debug|Win32
		{B6EEF7A0-B2FF-4556-AB3E-3B1762446BA9}.Debug|x86.Build.0 = Debug|Win32
		{B6EEF7A0-B2FF-4556-AB3E-3B1762446BA9}.Release|x64.ActiveCfg = Release|x64
		{B6EEF7A0-B2FF-4556-AB3E-3B1762446BA9}.Release|x64.Build.0 = Release|x64
		{B6EEF7A0-B2FF-4556-AB3E-3B1762446BA9}.Release|x86.ActiveCfg = Release|Win32
		{B6EEF7A0-B2FF-4556-AB3E-3B1762446BA9}.Release|x86.Build.0 = Release|Win32
		{A56BF524-5FFF-4B3A-9EF0-0A1C919FE2A3}.Debug|x64.ActiveCfg = Debug|x64
		{A56BF524-5FFF-4B3A-9EF0-0A1C919FE2A3}.Debug|x64.Build.0 = Debug|x64
		{A56BF524-5FFF-4B3A-9EF0-0A1C919FE2A3}.Debug|x86.ActiveCfg = Debug|Win32
		{A56BF524-5FFF-4B3A-9EF0-0A1C919FE2A3}.Debug|x86.Build.0 = Debug|Win32
		{A56BF524-5FFF-4B3A-9EF0-0A1C919FE2A3}.Release|x64.ActiveCfg = Release|x64
		{A56BF524-5FFF-4B3A-9EF0-0A1C919FE2A3}.Release|x64.Build.0 = Release|x64
		{A56BF524-5FFF-4B3A-9EF0-0A1C919FE2A3}.Release|x86.ActiveCfg = Release|Win32
		{A56BF524-5FFF-4B3A-9EF0-0A1C919FE2A3}.Release|x86.Build.0 = Release|Win32
		{63E761BC-1E9C-4BB6-9643-5011E00A9D75}.Debug|x64.ActiveCfg = Debug|x64
		{63E761BC-1E9C-4BB6-9643-5011E00A9D75}.Debug|x64.Build.0 = Debug|x64
		{63E761BC-1E9C-4BB6-9643-5011E00A9D75}.Debug|x86.ActiveCfg = Debug|Win32
		{63E761BC-1E9C-4BB6-9643-5011E00A9D75}.Debug|x86.Build.0 = Debug|Win32
		{63E761BC-1E9C-4BB6-9643-5011E00A9D75}.Release|x64.ActiveCfg = Release|x64
		{63E761BC-1E9C-4BB6-9643-5011E00A9D75}.Release|x64.Build.0 = Release|x64
		{63E761BC-1E9C-4BB6-9643-5011E00A9D75}.Release|x86.ActiveCfg = Release|Win32
		{63E761BC-1E9C-4BB6-9643-5011E00A9D75}.Release|x86.Build.0 = Release|Win32
		{5730F0E2-25B0-4918-BEE4-CB7D5C67B9BD}.Debug|x64.ActiveCfg = Debug|x64
		{5730F0E2-25B0-4918-BEE4-CB7D5C67B9BD}.Debug|x64.Build.0 = Debug|x64
		{5730F0E2-25B0-4918-BEE4-CB7D5C67B9BD}.Debug|x86.ActiveCfg = Debug|Win32
		{5730F0E2-25B0-4918-BEE4-CB7D5C67B9BD}.Debug|x86.Build.0 = Debug|Win32
		{5730F0E2-25B0-4918-BEE4-CB7D5C67B9BD}.Release|x64.ActiveCfg = Release|x64
		{5730F0E2-25B0-4918-BEE4-CB7D5C67B9BD}.Release|x64.Build.0 = Release|x64
		{5730F0E2-25B0-4918-BEE4-CB7D5C67B9BD}.Release|x86.ActiveCfg = Release|Win32
		{5730F0E2-25B0-4918-BEE4-CB7D5C67B9BD}.Release|x86.Build.0 = Release|Win32
		{AE4C8630-5655-4485-85D3-4DDEFC6C6030}.Debug|x64.ActiveCfg = Debug|x64
		{AE4C8630-5655-4485-85D3-4DDEFC6C6030}.Debug|x64.Build.0 = Debug|x64
		{AE4C8630-5655-4485-85D3-4DDEFC6C6030}.Debug|x86.ActiveCfg = Debug|Win32
		{AE4C8630-5655-4485-85D3-4DDEFC6C6030}.Debug|x86.Build.0 = Debug|Win32
		{AE4C8630-5655-4485-85D3-4DDEFC6C6030}.Release|x64.ActiveCfg = Release|x64
		{AE4C8630-5655-4485-85D3-4DDEFC6C6030}.Release|x64.Build.0 = Release|x64
		{AE4C8630-5655-4485-85D3-4DDEFC6C6030}.Release|x86.ActiveCfg = Release|Win32
		{AE4C8630-5655-4485-85D3-4DDEFC6C6030}.Release|x86.Build.0 = Release|Win32
		{CBA45DC8-8A13-4574-8266-44E435A59832}.Debug|x64.ActiveCfg = Debug|x64
		{CBA45DC8-8A13-4574-8266-44E435A59832}.Debug|x64.Build.0 = Debug|x64
		{CBA45DC8-8A13-4574-8266-44E435A59832}.Debug|x86.ActiveCfg = Debug|Win32
		{CBA45DC8-8A13-4574-8266-44E435A59832}.Debug|x86.Build.0 = Debug|Win32
		{CBA45DC8-8A13-4574-8266-44E435A59832}.Release|x64.ActiveCfg = Release|x64
		{CBA45DC8-8A13-4574-8266-44E435A59832}.Release|x64.Build.0 = Release|x64
		{CBA45DC8-8A13-4574-8266-44E435A59832}.Release|x86.ActiveCfg = Release|Win32
		{CBA45DC8-8A13-4574-8266-44E435A59832}.Release|x86.Build.0 = Release|Win32
		{B38263BF-B05C-446F-9A70-C06DF2D6639D}.Debug|x64.ActiveCfg = Debug|x64
		{B38263BF-B05C-446F-9A70-C06DF2D6639D}.Debug|x64.Build.0 = Debug|x64
		{B38263BF-B05C-446F-9A70-C06DF2D6639D}.Debug|x86.ActiveCfg = Debug|Win32
		{B38263BF-B05C-446F-9A70-C06DF2D6639D}.Debug|x86.Build.0 = Debug|Win32
		{B38263BF-B05C-446F-9A70-C06DF2D6639D}.Release|x64.ActiveCfg = Release|x64
		{B38263BF-B05C-446F-9A70-C06DF2D6639D}.Release|x64.Build.0 = Release|x64
		{B38263BF-B05C-446F-9A70-C06DF2D6639D}.Release|x86.ActiveCfg = Release|Win32
		{B38263BF-B05C-446F-9A70-C06DF2D6639D}.Release|x86.Build.0 = Release|Win32
		{DC5AC14A-484E-4BAF-8B52-03E33A886E55}.Debug|x64.ActiveCfg = Debug|x64
		{DC5AC14A-484E-4BAF-8B52-03E33A886E55}.Debug|x64.Build.0 = Debug|x64
		{DC5AC14A-484E-4BAF-8B52-03E33A886E55}.Debug|x86.ActiveCfg = Debug|Win32
		{DC5AC14A-484E-4BAF-8B52-03E33A886E55}.Debug|x86.Build.0 = Debug|Win32
		{DC5AC14A-484E-4BAF-8B52-03E33A886E55}.Release|x64.ActiveCfg = Release|x64
		{DC5AC14A-484E-4BAF-8B52-03E33A886E55}.Release|x64.Build.0 = Release|x64
		{DC5AC14A-484E-4BAF-8B52-03E33A886E55}.Release|x86.ActiveCfg = Release|Win32
		{DC5AC14A-484E-4BAF-8B52-03E33A886E55}.Release|x86.Build.0 = Release|Win32
		{5A64087C-885E-4559-B63D-47396A5066B2}.Debug|x64.ActiveCfg = Debug|x64
		{5A64087C-885E-4559-B63D-47396A5066B2}.Debug|x64.Build.0 = Debug|x64
		{5A64087C-885E-4559-B63D-47396A5066B2}.Debug|x86.ActiveCfg = Debug|Win32
		{5A64087C-885E-4559-B63D-47396A5066B2}.Debug|x86.Build.0 = Debug|Win32
		{5A64087C-885E-4559-B63D-47396A5066B2}.Release|x64.ActiveCfg = Release|x64
		{5A64087C-885E-4559-B63D-47396A5066B2}.Release|x64.Build.0 = Release|x64
		{5A64087C-885E-4559-B63D-47396A5066B2}.Release|x86.ActiveCfg = Release|Win32
		{5A64087C-885E-4559-B63D-47396A5066B2}.Release|x86.Build.0 = Release|Win32
		{A345CD9D-09BF-400C-B368-453A8FE7990D}.Debug|x64.ActiveCfg = Debug|x64
		{A345CD9D-09BF-400C-B368-453A8FE7990D}.Debug|x64.Build.0 = Debug|x64
		{A345CD9D-09BF-400C-B368-453A8FE7990D}.Debug|x86.ActiveCfg = Debug|Win32
		{A345CD9D-09BF-400C-B368-453A8FE7990D}.Debug|x86.Build.0 = Debug|Win32
		{A345CD9D-09BF-400C-B368-453A8FE7990D}.Release|x64.ActiveCfg = Release|x64
		{A345CD9D-09BF-400C-B368-453A8FE7990D}.Release|x64.Build.0 = Release|x64
		{A345CD9D-09BF-400C-B368-453A8FE7990D}.Release|x86.ActiveCfg = Release|Win32
		{A345CD9D-09BF-400C-B368-453A8FE7990D}.Release|x86.Build.0 = Release|Win32
		{F0D6702C-F816-4136-B750-078F1FC1EFBF}.Debug|x64.ActiveCfg = Debug|x64
		{F0D6702C-F816-4136-B750-078F1FC1EFBF}.Debug|x64.Build.0 = Debug|x64
		{F0D6702C-F816-4136-B750-078F1FC1EFBF}.Debug|x86.ActiveCfg = Debug|Win32
		{F0D6702C-F816-4136-B750-078F1FC1EFBF}.Debug|x86.Build.0 = Debug|Win32
		{F0D6702C-F816-4136-B750-078F1FC1EFBF}.Release|x64.ActiveCfg = Release|x64
		{F0D6702C-F816-4136-B750-078F1FC1EFBF}.Release|x64.Build.0 = Release|x64
		{F0D6702C-F816-4136-B750-078F1FC1EFBF}.Release|x86.ActiveCfg = Release|Win32
		{F0D6702C-F816-4136-B750-078F1FC1EFBF}.Release|x86.Build.0 = Release|Win32
		{A91FF54F-D1E3-45AB-A674-BF7784CA2780}.Debug|x64.ActiveCfg = Debug|x64
		{A91FF54F-D1E3-45AB-A674-BF7784CA2780}.Debug|x64.Build.0 = Debug|x64
		{A91FF54F-D1E3-45AB-A674-BF7784CA2780}.Debug|x86.ActiveCfg = Debug|Win32
		{A91FF54F-D1E3-45AB-A674-BF7784CA2780}.Debug|x86.Build.0 = Debug|Win32
		{A91FF54F-D1E3-45AB-A674-BF7784CA2780}.Release|x64.ActiveCfg = Release|x64
		{A91FF54F-D1E3-45AB-A674-BF7784CA2780}.Release|x64.Build.0 = Release|x64
		{A91FF54F-D1E3-45AB-A674-BF7784CA2780}.Release|x86.ActiveCfg = Release|Win32
		{A91FF54F-D1E3-45AB-A674-BF7784CA2780}.Release|x86.Build.0 = Release|Win32
		{218767F4-8D09-412D-BF18-4C061C76929E}.Debug|x64.ActiveCfg = Debug|x64
		{218767F4-8D09-412D-BF18-4C061C76929E}.Debug|x64.Build.0 = Debug|x64
		{218767F4-8D09-412D-BF18-4C061C76929E}.Debug|x86.ActiveCfg = Debug|Win32
		{218767F4-8D09-412D-BF18-4C061C76929E}.Debug|x86.Build.0 = Debug|Win32
		{218767F4-8D09-412D-BF18-4C061C76929E}.Release|x64.ActiveCfg = Release|x64
		{218767F4-8D09-412D-BF18-4C061C76929E}.Release|x64.Build.0 = Release|x64
		{218767F4-8D09-412D-BF18-4C061C76929E}.Release|x86.ActiveCfg = Release|Win32
		{218767F4-8D09-412D-BF18-4C061C76929E}.Release|x86.Build.0 = Release|Win32
		{94A9AA46-FD18-4222-80A5-303E90BB936D}.Debug|x64.ActiveCfg = Debug|x64
		{94A9AA46-FD18-4222-80A5-303E90BB936D}.Debug|x64.Build.0 = Debug|x64
		{94A9AA46-FD18-4222-80A5-303E90BB936D}.Debug|x86.ActiveCfg = Debug|Win32
		{94A9AA46-FD18-4222-80A5-303E90BB936D}.Debug|x86.Build.0 = Debug|Win32
		{94A9AA46-FD18-4222-80A5-303E90BB936D}.Release|x64.ActiveCfg = Release|x64
		{94A9AA46-FD18-4222-80A5-303E90BB936D}.Release|x64.Build.0 = Release|x64
		{94A9AA46-FD18-4222-80A5-303E90BB936D}.Release|x86.ActiveCfg = Release|Win32
		{94A9AA46-FD18-4222-80A5-303E90BB936D}.Release|x86.Build.0 = Release|Win32
		{A3A00FDD-51B0-4EF0-B0CB-D465A2C6558E}.Debug|x64.ActiveCfg = Debug|x64
		{A3A00FDD-51B0-4EF0-B0CB-D465A2C6558E}.Debug|x64.Build.0 = Debug|x64
		{A3A00FDD-51B0-4EF0-B0CB-D465A2C6558E}.Debug|x86.ActiveCfg = Debug|Win32
		{A3A00FDD-51B0-4EF0-B0CB-D465A2C6558E}.Debug|x86.Build.0 = Debug|Win32
		{A3A00FDD-51B0-4EF0-B0CB-D465A2C6558E}.Release|x64.ActiveCfg = Release|x64
		{A3A00FDD-51B0-4EF0-B0CB-D465A2C6558E}.Release|x64.Build.0 = Release|x64
		{A3A00FDD-51B0-4EF0-B0CB-D465A2C6558E}.Release|x86.ActiveCfg = Release|Win32
		{A3A00FDD-51B0-4EF0-B0CB-D465A2C6558E}.Release|x86.Build.0 = Release|Win32
	EndGlobalSection
	GlobalSection(SolutionProperties) = preSolution
		HideSolutionNode = FALSE
	EndGlobalSection
	GlobalSection(ExtensibilityGlobals) = postSolution
		SolutionGuid = {FDE7EEE3-678A-4E7E-A3A9-41844A20B77B}
	EndGlobalSection
EndGlobal
